
Microsoft Visual Studio Solution File, Format Version 12.00
# Visual Studio Version 17
VisualStudioVersion = 17.14.36429.23
MinimumVisualStudioVersion = 10.0.40219.1
Project("{FAE04EC0-301F-11D3-BF4B-00C04F79EFBC}") = "EL4001", "EL4001\EL4001.csproj", "{E2A54358-9FBF-4DDD-BCEF-CBB9E77FBD2F}"
EndProject
Project("{FAE04EC0-301F-11D3-BF4B-00C04F79EFBC}") = "Tools.Common", "Tools.Common\Tools.Common.csproj", "{052A9863-B710-4F18-A9D3-2E070B267989}"
EndProject
Project("{FAE04EC0-301F-11D3-BF4B-00C04F79EFBC}") = "EL3801", "EL3801\EL3801.csproj", "{05AB80A1-9B7B-4B7B-B839-20961FEAE4BC}"
EndProject
Project("{FAE04EC0-301F-11D3-BF4B-00C04F79EFBC}") = "MassFlow", "MassFlow\MassFlow.csproj", "{44261936-1382-45D6-975B-AE2C97AE0503}"
EndProject
Project("{FAE04EC0-301F-11D3-BF4B-00C04F79EFBC}") = "EL0122FI", "EL0122FI\EL0122FI.csproj", "{96DC0628-0D8D-4A1E-A230-7033D1EDB75B}"
EndProject
Project("{FAE04EC0-301F-11D3-BF4B-00C04F79EFBC}") = "EL1812", "EL1812\EL1812.csproj", "{F161DC56-2AC6-4D27-9B4B-FEC54BA09A1B}"
EndProject
Project("{FAE04EC0-301F-11D3-BF4B-00C04F79EFBC}") = "EL9100", "EL9100\EL9100.csproj", "{0DECEC29-FE7C-42FE-A39D-415E10A2A6CD}"
EndProject
Project("{FAE04EC0-301F-11D3-BF4B-00C04F79EFBC}") = "PAF5", "PAF5\PAF5.csproj", "{00884D03-E848-4EA6-9077-537AAF6C30C1}"
EndProject
Project("{FAE04EC0-301F-11D3-BF4B-00C04F79EFBC}") = "EL0122", "EL0122\EL0122.csproj", "{14D0096C-26D4-4D9C-A478-E243F8152207}"
EndProject
Global
	GlobalSection(SolutionConfigurationPlatforms) = preSolution
		Debug|Any CPU = Debug|Any CPU
		Release|Any CPU = Release|Any CPU
	EndGlobalSection
	GlobalSection(ProjectConfigurationPlatforms) = postSolution
		{E2A54358-9FBF-4DDD-BCEF-CBB9E77FBD2F}.Debug|Any CPU.ActiveCfg = Debug|Any CPU
		{E2A54358-9FBF-4DDD-BCEF-CBB9E77FBD2F}.Debug|Any CPU.Build.0 = Debug|Any CPU
		{E2A54358-9FBF-4DDD-BCEF-CBB9E77FBD2F}.Release|Any CPU.ActiveCfg = Release|Any CPU
		{E2A54358-9FBF-4DDD-BCEF-CBB9E77FBD2F}.Release|Any CPU.Build.0 = Release|Any CPU
		{052A9863-B710-4F18-A9D3-2E070B267989}.Debug|Any CPU.ActiveCfg = Debug|Any CPU
		{052A9863-B710-4F18-A9D3-2E070B267989}.Debug|Any CPU.Build.0 = Debug|Any CPU
		{052A9863-B710-4F18-A9D3-2E070B267989}.Release|Any CPU.ActiveCfg = Release|Any CPU
		{052A9863-B710-4F18-A9D3-2E070B267989}.Release|Any CPU.Build.0 = Release|Any CPU
		{05AB80A1-9B7B-4B7B-B839-20961FEAE4BC}.Debug|Any CPU.ActiveCfg = Debug|Any CPU
		{05AB80A1-9B7B-4B7B-B839-20961FEAE4BC}.Debug|Any CPU.Build.0 = Debug|Any CPU
		{05AB80A1-9B7B-4B7B-B839-20961FEAE4BC}.Release|Any CPU.ActiveCfg = Release|Any CPU
		{05AB80A1-9B7B-4B7B-B839-20961FEAE4BC}.Release|Any CPU.Build.0 = Release|Any CPU
		{44261936-1382-45D6-975B-AE2C97AE0503}.Debug|Any CPU.ActiveCfg = Debug|Any CPU
		{44261936-1382-45D6-975B-AE2C97AE0503}.Debug|Any CPU.Build.0 = Debug|Any CPU
		{44261936-1382-45D6-975B-AE2C97AE0503}.Release|Any CPU.ActiveCfg = Release|Any CPU
		{44261936-1382-45D6-975B-AE2C97AE0503}.Release|Any CPU.Build.0 = Release|Any CPU
		{96DC0628-0D8D-4A1E-A230-7033D1EDB75B}.Debug|Any CPU.ActiveCfg = Debug|Any CPU
		{96DC0628-0D8D-4A1E-A230-7033D1EDB75B}.Debug|Any CPU.Build.0 = Debug|Any CPU
		{96DC0628-0D8D-4A1E-A230-7033D1EDB75B}.Release|Any CPU.ActiveCfg = Release|Any CPU
		{96DC0628-0D8D-4A1E-A230-7033D1EDB75B}.Release|Any CPU.Build.0 = Release|Any CPU
		{F161DC56-2AC6-4D27-9B4B-FEC54BA09A1B}.Debug|Any CPU.ActiveCfg = Debug|Any CPU
		{F161DC56-2AC6-4D27-9B4B-FEC54BA09A1B}.Debug|Any CPU.Build.0 = Debug|Any CPU
		{F161DC56-2AC6-4D27-9B4B-FEC54BA09A1B}.Release|Any CPU.ActiveCfg = Release|Any CPU
		{F161DC56-2AC6-4D27-9B4B-FEC54BA09A1B}.Release|Any CPU.Build.0 = Release|Any CPU
		{0DECEC29-FE7C-42FE-A39D-415E10A2A6CD}.Debug|Any CPU.ActiveCfg = Debug|Any CPU
		{0DECEC29-FE7C-42FE-A39D-415E10A2A6CD}.Debug|Any CPU.Build.0 = Debug|Any CPU
		{0DECEC29-FE7C-42FE-A39D-415E10A2A6CD}.Release|Any CPU.ActiveCfg = Release|Any CPU
		{0DECEC29-FE7C-42FE-A39D-415E10A2A6CD}.Release|Any CPU.Build.0 = Release|Any CPU
		{00884D03-E848-4EA6-9077-537AAF6C30C1}.Debug|Any CPU.ActiveCfg = Debug|Any CPU
		{00884D03-E848-4EA6-9077-537AAF6C30C1}.Debug|Any CPU.Build.0 = Debug|Any CPU
		{00884D03-E848-4EA6-9077-537AAF6C30C1}.Release|Any CPU.ActiveCfg = Release|Any CPU
		{00884D03-E848-4EA6-9077-537AAF6C30C1}.Release|Any CPU.Build.0 = Release|Any CPU
		{14D0096C-26D4-4D9C-A478-E243F8152207}.Debug|Any CPU.ActiveCfg = Debug|Any CPU
		{14D0096C-26D4-4D9C-A478-E243F8152207}.Debug|Any CPU.Build.0 = Debug|Any CPU
		{14D0096C-26D4-4D9C-A478-E243F8152207}.Release|Any CPU.ActiveCfg = Release|Any CPU
		{14D0096C-26D4-4D9C-A478-E243F8152207}.Release|Any CPU.Build.0 = Release|Any CPU
	EndGlobalSection
	GlobalSection(SolutionProperties) = preSolution
		HideSolutionNode = FALSE
	EndGlobalSection
	GlobalSection(ExtensibilityGlobals) = postSolution
		SolutionGuid = {77CF6FDA-4DE2-409A-914B-FED99867903B}
	EndGlobalSection
EndGlobal
