Microsoft Visual Studio Solution File, Format Version 12.00
# Visual Studio Version 17
VisualStudioVersion = 17.5.2.0
MinimumVisualStudioVersion = 10.0.40219.1
Project("{FAE04EC0-301F-11D3-BF4B-00C04F79EFBC}") = "InspectionTools", "InspectionTools.csproj", "{2A8F3768-6114-86D2-C07F-282A927D106D}"
EndProject
Global
	GlobalSection(SolutionConfigurationPlatforms) = preSolution
		Debug|Any CPU = Debug|Any CPU
		Release|Any CPU = Release|Any CPU
	EndGlobalSection
	GlobalSection(ProjectConfigurationPlatforms) = postSolution
		{2A8F3768-6114-86D2-C07F-282A927D106D}.Debug|Any CPU.ActiveCfg = Debug|Any CPU
		{2A8F3768-6114-86D2-C07F-282A927D106D}.Debug|Any CPU.Build.0 = Debug|Any CPU
		{2A8F3768-6114-86D2-C07F-282A927D106D}.Release|Any CPU.ActiveCfg = Release|Any CPU
		{2A8F3768-6114-86D2-C07F-282A927D106D}.Release|Any CPU.Build.0 = Release|Any CPU
	EndGlobalSection
	GlobalSection(SolutionProperties) = preSolution
		HideSolutionNode = FALSE
	EndGlobalSection
	GlobalSection(ExtensibilityGlobals) = postSolution
		SolutionGuid = {8DE435F5-62B4-48C5-B88A-1A0881E8B01B}
	EndGlobalSection
EndGlobal
